// !$*UTF8*$!
{
	archiveVersion = 1;
	classes = {
	};
	objectVersion = 55;
	objects = {

/* Begin PBXBuildFile section */
		050009C8295491B200FCBEF6 /* EditWorkoutView.swift in Sources */ = {isa = PBXBuildFile; fileRef = 050009C7295491B200FCBEF6 /* EditWorkoutView.swift */; };
		05116C7529BB5C360020ED1E /* AssistanceExerciseModelTests.swift in Sources */ = {isa = PBXBuildFile; fileRef = 05116C7429BB5C360020ED1E /* AssistanceExerciseModelTests.swift */; };
		05116C8A29BB6A6D0020ED1E /* FslAmrapWorkout.swift in Sources */ = {isa = PBXBuildFile; fileRef = 05116C7829BB6A6D0020ED1E /* FslAmrapWorkout.swift */; };
		05116C8C29BB6A6D0020ED1E /* AssistanceExercise.swift in Sources */ = {isa = PBXBuildFile; fileRef = 05116C7A29BB6A6D0020ED1E /* AssistanceExercise.swift */; };
		05116C8E29BB6A6D0020ED1E /* Lift.swift in Sources */ = {isa = PBXBuildFile; fileRef = 05116C7C29BB6A6D0020ED1E /* Lift.swift */; };
		05116C9029BB6A6D0020ED1E /* MainExercise.swift in Sources */ = {isa = PBXBuildFile; fileRef = 05116C7E29BB6A6D0020ED1E /* MainExercise.swift */; };
		05116C9229BB6A6D0020ED1E /* SupplementalExercise.swift in Sources */ = {isa = PBXBuildFile; fileRef = 05116C8029BB6A6D0020ED1E /* SupplementalExercise.swift */; };
		05116C9429BB6A6D0020ED1E /* Exercise.swift in Sources */ = {isa = PBXBuildFile; fileRef = 05116C8229BB6A6D0020ED1E /* Exercise.swift */; };
		05116C9629BB6A6D0020ED1E /* Workout.swift in Sources */ = {isa = PBXBuildFile; fileRef = 05116C8429BB6A6D0020ED1E /* Workout.swift */; };
		05116C9829BB6A6D0020ED1E /* WarmupExercise.swift in Sources */ = {isa = PBXBuildFile; fileRef = 05116C8629BB6A6D0020ED1E /* WarmupExercise.swift */; };
		05116C9A29BB6A6D0020ED1E /* ExerciseSet.swift in Sources */ = {isa = PBXBuildFile; fileRef = 05116C8829BB6A6D0020ED1E /* ExerciseSet.swift */; };
		0516966229AA89D9006BC0C1 /* CycleWeek.swift in Sources */ = {isa = PBXBuildFile; fileRef = 0516966129AA89D9006BC0C1 /* CycleWeek.swift */; };
		0516966429ABDF30006BC0C1 /* WorkoutTests.swift in Sources */ = {isa = PBXBuildFile; fileRef = 0516966329ABDF30006BC0C1 /* WorkoutTests.swift */; };
		052C8AC42817883700324E68 /* AddLiftView.swift in Sources */ = {isa = PBXBuildFile; fileRef = 052C8AC32817883700324E68 /* AddLiftView.swift */; };
		052E62F9295C8EE200D0B79F /* WarmUpView.swift in Sources */ = {isa = PBXBuildFile; fileRef = 052E62F8295C8EE200D0B79F /* WarmUpView.swift */; };
		052E62FB295C93A400D0B79F /* MainView.swift in Sources */ = {isa = PBXBuildFile; fileRef = 052E62FA295C93A400D0B79F /* MainView.swift */; };
		052E62FE295C958E00D0B79F /* SupplementalView.swift in Sources */ = {isa = PBXBuildFile; fileRef = 052E62FD295C958E00D0B79F /* SupplementalView.swift */; };
		052E6300295C97FE00D0B79F /* AssistanceView.swift in Sources */ = {isa = PBXBuildFile; fileRef = 052E62FF295C97FE00D0B79F /* AssistanceView.swift */; };
		052E6302295C99F300D0B79F /* ExerciseHeaderView.swift in Sources */ = {isa = PBXBuildFile; fileRef = 052E6301295C99F300D0B79F /* ExerciseHeaderView.swift */; };
		052E6306295C9DEC00D0B79F /* ExerciseRowView.swift in Sources */ = {isa = PBXBuildFile; fileRef = 052E6305295C9DEC00D0B79F /* ExerciseRowView.swift */; };
		0532310528C6250A00094823 /* AddWorkoutView.swift in Sources */ = {isa = PBXBuildFile; fileRef = 0532310428C6250A00094823 /* AddWorkoutView.swift */; };
		053FDDDA272F2DC5002D6D9D /* IronlogApp.swift in Sources */ = {isa = PBXBuildFile; fileRef = 053FDDD9272F2DC5002D6D9D /* IronlogApp.swift */; };
		053FDDDE272F2DC5002D6D9D /* Assets.xcassets in Resources */ = {isa = PBXBuildFile; fileRef = 053FDDDD272F2DC5002D6D9D /* Assets.xcassets */; };
		053FDDE1272F2DC5002D6D9D /* Preview Assets.xcassets in Resources */ = {isa = PBXBuildFile; fileRef = 053FDDE0272F2DC5002D6D9D /* Preview Assets.xcassets */; };
		054FEB1F28BA3B0A00506316 /* LiftDetailView.swift in Sources */ = {isa = PBXBuildFile; fileRef = 054FEB1E28BA3B0A00506316 /* LiftDetailView.swift */; };
		0551DF582969AD3300250CE0 /* ActiveFslAmrapView.swift in Sources */ = {isa = PBXBuildFile; fileRef = 0551DF572969AD3300250CE0 /* ActiveFslAmrapView.swift */; };
		0551DF5A2969B07800250CE0 /* ActiveWarmupView.swift in Sources */ = {isa = PBXBuildFile; fileRef = 0551DF592969B07800250CE0 /* ActiveWarmupView.swift */; };
		0554AAE2281485A2001E8A58 /* AddExerciseView.swift in Sources */ = {isa = PBXBuildFile; fileRef = 0554AAE1281485A2001E8A58 /* AddExerciseView.swift */; };
		05700E3829BA14A300FED81A /* MainExerciseModelTests.swift in Sources */ = {isa = PBXBuildFile; fileRef = 05700E3729BA14A300FED81A /* MainExerciseModelTests.swift */; };
		05700E3A29BA182100FED81A /* WarmupExerciseModelTests.swift in Sources */ = {isa = PBXBuildFile; fileRef = 05700E3929BA182100FED81A /* WarmupExerciseModelTests.swift */; };
		05700E3C29BA197300FED81A /* SupplementalExerciseModelTests.swift in Sources */ = {isa = PBXBuildFile; fileRef = 05700E3B29BA197300FED81A /* SupplementalExerciseModelTests.swift */; };
		057D97102985621A001509CF /* WorkoutTimer.swift in Sources */ = {isa = PBXBuildFile; fileRef = 057D970F2985621A001509CF /* WorkoutTimer.swift */; };
		058060D6295B298600F86A9F /* AddWarmUpView.swift in Sources */ = {isa = PBXBuildFile; fileRef = 058060D5295B298600F86A9F /* AddWarmUpView.swift */; };
		058060D8295B2E7000F86A9F /* AddAssistanceView.swift in Sources */ = {isa = PBXBuildFile; fileRef = 058060D7295B2E7000F86A9F /* AddAssistanceView.swift */; };
		058060DA295B2F1800F86A9F /* AddMainView.swift in Sources */ = {isa = PBXBuildFile; fileRef = 058060D9295B2F1800F86A9F /* AddMainView.swift */; };
		058060DC295B323800F86A9F /* AddSupplementalView.swift in Sources */ = {isa = PBXBuildFile; fileRef = 058060DB295B323800F86A9F /* AddSupplementalView.swift */; };
		0586920729DEEED800F19144 /* IronlogUITests.swift in Sources */ = {isa = PBXBuildFile; fileRef = 0586920629DEEED800F19144 /* IronlogUITests.swift */; };
		058B1B82281DD0EF00FD87C2 /* ExerciseDetailsView.swift in Sources */ = {isa = PBXBuildFile; fileRef = 058B1B81281DD0EF00FD87C2 /* ExerciseDetailsView.swift */; };
		058F24982938E3AE00111074 /* PersistenceController.swift in Sources */ = {isa = PBXBuildFile; fileRef = 058F24972938E3AE00111074 /* PersistenceController.swift */; };
		059BACCF29DEE8A1005AEE8E /* IronlogSnapshotUITests.swift in Sources */ = {isa = PBXBuildFile; fileRef = 053FDDF4272F2DC5002D6D9D /* IronlogSnapshotUITests.swift */; };
		059BACD029DEE8A1005AEE8E /* SnapshotHelper.swift in Sources */ = {isa = PBXBuildFile; fileRef = 05B9153529AA48E100BFD492 /* SnapshotHelper.swift */; };
		059CD6CC28C2263000DDA354 /* LiftLineItemView.swift in Sources */ = {isa = PBXBuildFile; fileRef = 059CD6CB28C2263000DDA354 /* LiftLineItemView.swift */; };
		05A6E7B527C17EF000B3113E /* LiftsView.swift in Sources */ = {isa = PBXBuildFile; fileRef = 05A6E7B427C17EF000B3113E /* LiftsView.swift */; };
		05A6E7B727C1807700B3113E /* EditLiftView.swift in Sources */ = {isa = PBXBuildFile; fileRef = 05A6E7B627C1807700B3113E /* EditLiftView.swift */; };
		05A6E7BA27C18A1000B3113E /* WorkoutsView.swift in Sources */ = {isa = PBXBuildFile; fileRef = 05A6E7B927C18A1000B3113E /* WorkoutsView.swift */; };
		05A6E7BC27C18B7800B3113E /* WorkoutDetailsView.swift in Sources */ = {isa = PBXBuildFile; fileRef = 05A6E7BB27C18B7800B3113E /* WorkoutDetailsView.swift */; };
		05ABCF722929AF17009BC6BC /* EditSetsView.swift in Sources */ = {isa = PBXBuildFile; fileRef = 05ABCF712929AF17009BC6BC /* EditSetsView.swift */; };
		05CABDBB2826DC6500A53B98 /* Ironlog.xcdatamodeld in Sources */ = {isa = PBXBuildFile; fileRef = 05CABDB92826DC6500A53B98 /* Ironlog.xcdatamodeld */; };
		05D385F2293251AA00911EFF /* AddSetView.swift in Sources */ = {isa = PBXBuildFile; fileRef = 05D385F1293251AA00911EFF /* AddSetView.swift */; };
		05E3991728EEF87A009E1125 /* WorkoutCompletionView.swift in Sources */ = {isa = PBXBuildFile; fileRef = 05E3991628EEF87A009E1125 /* WorkoutCompletionView.swift */; };
		05E3991928EEFB87009E1125 /* ExerciseCompletionRowView.swift in Sources */ = {isa = PBXBuildFile; fileRef = 05E3991828EEFB87009E1125 /* ExerciseCompletionRowView.swift */; };
		05E3991B28F0F06E009E1125 /* WorkoutSelection.swift in Sources */ = {isa = PBXBuildFile; fileRef = 05E3991A28F0F06E009E1125 /* WorkoutSelection.swift */; };
		05E55D3527EFB91600FAD5B7 /* ActiveWorkoutView.swift in Sources */ = {isa = PBXBuildFile; fileRef = 05E55D3427EFB91600FAD5B7 /* ActiveWorkoutView.swift */; };
		05E6FA3028EB0C0F005DF36D /* ExerciseCompletionView.swift in Sources */ = {isa = PBXBuildFile; fileRef = 05E6FA2F28EB0C0F005DF36D /* ExerciseCompletionView.swift */; };
		05E9B010296DB46F0004EC20 /* ActiveMainView.swift in Sources */ = {isa = PBXBuildFile; fileRef = 05E9B00F296DB46F0004EC20 /* ActiveMainView.swift */; };
		05E9B012296EEDE80004EC20 /* ActiveSupplementalView.swift in Sources */ = {isa = PBXBuildFile; fileRef = 05E9B011296EEDE80004EC20 /* ActiveSupplementalView.swift */; };
		05E9B014296F02E00004EC20 /* ActiveAssistanceView.swift in Sources */ = {isa = PBXBuildFile; fileRef = 05E9B013296F02E00004EC20 /* ActiveAssistanceView.swift */; };
		05F1E2FF28D9DDC4009D5EED /* EditExerciseView.swift in Sources */ = {isa = PBXBuildFile; fileRef = 05F1E2FE28D9DDC4009D5EED /* EditExerciseView.swift */; };
/* End PBXBuildFile section */

/* Begin PBXContainerItemProxy section */
		053FDDE7272F2DC5002D6D9D /* PBXContainerItemProxy */ = {
			isa = PBXContainerItemProxy;
			containerPortal = 053FDDCE272F2DC5002D6D9D /* Project object */;
			proxyType = 1;
			remoteGlobalIDString = 053FDDD5272F2DC5002D6D9D;
			remoteInfo = Ironlog;
		};
		053FDDF1272F2DC5002D6D9D /* PBXContainerItemProxy */ = {
			isa = PBXContainerItemProxy;
			containerPortal = 053FDDCE272F2DC5002D6D9D /* Project object */;
			proxyType = 1;
			remoteGlobalIDString = 053FDDD5272F2DC5002D6D9D;
			remoteInfo = Ironlog;
		};
		059BACCD29DEE8A1005AEE8E /* PBXContainerItemProxy */ = {
			isa = PBXContainerItemProxy;
			containerPortal = 053FDDCE272F2DC5002D6D9D /* Project object */;
			proxyType = 1;
			remoteGlobalIDString = 053FDDD5272F2DC5002D6D9D;
			remoteInfo = Ironlog;
		};
/* End PBXContainerItemProxy section */

/* Begin PBXFileReference section */
		050009C7295491B200FCBEF6 /* EditWorkoutView.swift */ = {isa = PBXFileReference; lastKnownFileType = sourcecode.swift; path = EditWorkoutView.swift; sourceTree = "<group>"; };
		050CC5EA29169679009A422E /* Info.plist */ = {isa = PBXFileReference; lastKnownFileType = text.plist; path = Info.plist; sourceTree = "<group>"; };
		05116C7429BB5C360020ED1E /* AssistanceExerciseModelTests.swift */ = {isa = PBXFileReference; lastKnownFileType = sourcecode.swift; path = AssistanceExerciseModelTests.swift; sourceTree = "<group>"; };
		05116C7829BB6A6D0020ED1E /* FslAmrapWorkout.swift */ = {isa = PBXFileReference; lastKnownFileType = sourcecode.swift; path = FslAmrapWorkout.swift; sourceTree = "<group>"; };
		05116C7A29BB6A6D0020ED1E /* AssistanceExercise.swift */ = {isa = PBXFileReference; lastKnownFileType = sourcecode.swift; path = AssistanceExercise.swift; sourceTree = "<group>"; };
		05116C7C29BB6A6D0020ED1E /* Lift.swift */ = {isa = PBXFileReference; lastKnownFileType = sourcecode.swift; path = Lift.swift; sourceTree = "<group>"; };
		05116C7E29BB6A6D0020ED1E /* MainExercise.swift */ = {isa = PBXFileReference; lastKnownFileType = sourcecode.swift; path = MainExercise.swift; sourceTree = "<group>"; };
		05116C8029BB6A6D0020ED1E /* SupplementalExercise.swift */ = {isa = PBXFileReference; lastKnownFileType = sourcecode.swift; path = SupplementalExercise.swift; sourceTree = "<group>"; };
		05116C8229BB6A6D0020ED1E /* Exercise.swift */ = {isa = PBXFileReference; lastKnownFileType = sourcecode.swift; path = Exercise.swift; sourceTree = "<group>"; };
		05116C8429BB6A6D0020ED1E /* Workout.swift */ = {isa = PBXFileReference; lastKnownFileType = sourcecode.swift; path = Workout.swift; sourceTree = "<group>"; };
		05116C8629BB6A6D0020ED1E /* WarmupExercise.swift */ = {isa = PBXFileReference; lastKnownFileType = sourcecode.swift; path = WarmupExercise.swift; sourceTree = "<group>"; };
		05116C8829BB6A6D0020ED1E /* ExerciseSet.swift */ = {isa = PBXFileReference; lastKnownFileType = sourcecode.swift; path = ExerciseSet.swift; sourceTree = "<group>"; };
		0516966129AA89D9006BC0C1 /* CycleWeek.swift */ = {isa = PBXFileReference; lastKnownFileType = sourcecode.swift; path = CycleWeek.swift; sourceTree = "<group>"; };
		0516966329ABDF30006BC0C1 /* WorkoutTests.swift */ = {isa = PBXFileReference; lastKnownFileType = sourcecode.swift; path = WorkoutTests.swift; sourceTree = "<group>"; };
		052C8AC32817883700324E68 /* AddLiftView.swift */ = {isa = PBXFileReference; lastKnownFileType = sourcecode.swift; path = AddLiftView.swift; sourceTree = "<group>"; };
		052E62F8295C8EE200D0B79F /* WarmUpView.swift */ = {isa = PBXFileReference; lastKnownFileType = sourcecode.swift; path = WarmUpView.swift; sourceTree = "<group>"; };
		052E62FA295C93A400D0B79F /* MainView.swift */ = {isa = PBXFileReference; lastKnownFileType = sourcecode.swift; path = MainView.swift; sourceTree = "<group>"; };
		052E62FD295C958E00D0B79F /* SupplementalView.swift */ = {isa = PBXFileReference; lastKnownFileType = sourcecode.swift; path = SupplementalView.swift; sourceTree = "<group>"; };
		052E62FF295C97FE00D0B79F /* AssistanceView.swift */ = {isa = PBXFileReference; lastKnownFileType = sourcecode.swift; path = AssistanceView.swift; sourceTree = "<group>"; };
		052E6301295C99F300D0B79F /* ExerciseHeaderView.swift */ = {isa = PBXFileReference; lastKnownFileType = sourcecode.swift; path = ExerciseHeaderView.swift; sourceTree = "<group>"; };
		052E6305295C9DEC00D0B79F /* ExerciseRowView.swift */ = {isa = PBXFileReference; lastKnownFileType = sourcecode.swift; path = ExerciseRowView.swift; sourceTree = "<group>"; };
		0532310428C6250A00094823 /* AddWorkoutView.swift */ = {isa = PBXFileReference; fileEncoding = 4; lastKnownFileType = sourcecode.swift; path = AddWorkoutView.swift; sourceTree = "<group>"; };
		053FDDD6272F2DC5002D6D9D /* Ironlog.app */ = {isa = PBXFileReference; explicitFileType = wrapper.application; includeInIndex = 0; path = Ironlog.app; sourceTree = BUILT_PRODUCTS_DIR; };
		053FDDD9272F2DC5002D6D9D /* IronlogApp.swift */ = {isa = PBXFileReference; lastKnownFileType = sourcecode.swift; path = IronlogApp.swift; sourceTree = "<group>"; };
		053FDDDD272F2DC5002D6D9D /* Assets.xcassets */ = {isa = PBXFileReference; lastKnownFileType = folder.assetcatalog; path = Assets.xcassets; sourceTree = "<group>"; };
		053FDDE0272F2DC5002D6D9D /* Preview Assets.xcassets */ = {isa = PBXFileReference; lastKnownFileType = folder.assetcatalog; path = "Preview Assets.xcassets"; sourceTree = "<group>"; };
		053FDDE6272F2DC5002D6D9D /* IronlogTests.xctest */ = {isa = PBXFileReference; explicitFileType = wrapper.cfbundle; includeInIndex = 0; path = IronlogTests.xctest; sourceTree = BUILT_PRODUCTS_DIR; };
		053FDDF0272F2DC5002D6D9D /* IronlogUITests.xctest */ = {isa = PBXFileReference; explicitFileType = wrapper.cfbundle; includeInIndex = 0; path = IronlogUITests.xctest; sourceTree = BUILT_PRODUCTS_DIR; };
		053FDDF4272F2DC5002D6D9D /* IronlogSnapshotUITests.swift */ = {isa = PBXFileReference; lastKnownFileType = sourcecode.swift; path = IronlogSnapshotUITests.swift; sourceTree = "<group>"; };
		054FEB1E28BA3B0A00506316 /* LiftDetailView.swift */ = {isa = PBXFileReference; lastKnownFileType = sourcecode.swift; path = LiftDetailView.swift; sourceTree = "<group>"; };
		0551DF572969AD3300250CE0 /* ActiveFslAmrapView.swift */ = {isa = PBXFileReference; lastKnownFileType = sourcecode.swift; path = ActiveFslAmrapView.swift; sourceTree = "<group>"; };
		0551DF592969B07800250CE0 /* ActiveWarmupView.swift */ = {isa = PBXFileReference; lastKnownFileType = sourcecode.swift; path = ActiveWarmupView.swift; sourceTree = "<group>"; };
		0554AAE1281485A2001E8A58 /* AddExerciseView.swift */ = {isa = PBXFileReference; lastKnownFileType = sourcecode.swift; path = AddExerciseView.swift; sourceTree = "<group>"; };
		05700E3729BA14A300FED81A /* MainExerciseModelTests.swift */ = {isa = PBXFileReference; lastKnownFileType = sourcecode.swift; path = MainExerciseModelTests.swift; sourceTree = "<group>"; };
		05700E3929BA182100FED81A /* WarmupExerciseModelTests.swift */ = {isa = PBXFileReference; lastKnownFileType = sourcecode.swift; path = WarmupExerciseModelTests.swift; sourceTree = "<group>"; };
		05700E3B29BA197300FED81A /* SupplementalExerciseModelTests.swift */ = {isa = PBXFileReference; lastKnownFileType = sourcecode.swift; path = SupplementalExerciseModelTests.swift; sourceTree = "<group>"; };
		057D970F2985621A001509CF /* WorkoutTimer.swift */ = {isa = PBXFileReference; lastKnownFileType = sourcecode.swift; path = WorkoutTimer.swift; sourceTree = "<group>"; };
		058060D5295B298600F86A9F /* AddWarmUpView.swift */ = {isa = PBXFileReference; lastKnownFileType = sourcecode.swift; path = AddWarmUpView.swift; sourceTree = "<group>"; };
		058060D7295B2E7000F86A9F /* AddAssistanceView.swift */ = {isa = PBXFileReference; lastKnownFileType = sourcecode.swift; path = AddAssistanceView.swift; sourceTree = "<group>"; };
		058060D9295B2F1800F86A9F /* AddMainView.swift */ = {isa = PBXFileReference; lastKnownFileType = sourcecode.swift; path = AddMainView.swift; sourceTree = "<group>"; };
		058060DB295B323800F86A9F /* AddSupplementalView.swift */ = {isa = PBXFileReference; lastKnownFileType = sourcecode.swift; path = AddSupplementalView.swift; sourceTree = "<group>"; };
		0586920629DEEED800F19144 /* IronlogUITests.swift */ = {isa = PBXFileReference; lastKnownFileType = sourcecode.swift; path = IronlogUITests.swift; sourceTree = "<group>"; };
		058B1B81281DD0EF00FD87C2 /* ExerciseDetailsView.swift */ = {isa = PBXFileReference; lastKnownFileType = sourcecode.swift; path = ExerciseDetailsView.swift; sourceTree = "<group>"; };
		058F24972938E3AE00111074 /* PersistenceController.swift */ = {isa = PBXFileReference; lastKnownFileType = sourcecode.swift; path = PersistenceController.swift; sourceTree = "<group>"; };
		059BACD629DEE8A1005AEE8E /* IronlogSnapshotTests.xctest */ = {isa = PBXFileReference; explicitFileType = wrapper.cfbundle; includeInIndex = 0; path = IronlogSnapshotTests.xctest; sourceTree = BUILT_PRODUCTS_DIR; };
		059CD6CB28C2263000DDA354 /* LiftLineItemView.swift */ = {isa = PBXFileReference; lastKnownFileType = sourcecode.swift; path = LiftLineItemView.swift; sourceTree = "<group>"; };
		05A6E7B427C17EF000B3113E /* LiftsView.swift */ = {isa = PBXFileReference; lastKnownFileType = sourcecode.swift; path = LiftsView.swift; sourceTree = "<group>"; };
		05A6E7B627C1807700B3113E /* EditLiftView.swift */ = {isa = PBXFileReference; lastKnownFileType = sourcecode.swift; path = EditLiftView.swift; sourceTree = "<group>"; };
		05A6E7B927C18A1000B3113E /* WorkoutsView.swift */ = {isa = PBXFileReference; lastKnownFileType = sourcecode.swift; path = WorkoutsView.swift; sourceTree = "<group>"; };
		05A6E7BB27C18B7800B3113E /* WorkoutDetailsView.swift */ = {isa = PBXFileReference; lastKnownFileType = sourcecode.swift; path = WorkoutDetailsView.swift; sourceTree = "<group>"; };
		05ABCF712929AF17009BC6BC /* EditSetsView.swift */ = {isa = PBXFileReference; lastKnownFileType = sourcecode.swift; path = EditSetsView.swift; sourceTree = "<group>"; };
		05B9153529AA48E100BFD492 /* SnapshotHelper.swift */ = {isa = PBXFileReference; fileEncoding = 4; lastKnownFileType = sourcecode.swift; path = SnapshotHelper.swift; sourceTree = "<group>"; };
		05CABDBA2826DC6500A53B98 /* Ironlog.xcdatamodel */ = {isa = PBXFileReference; lastKnownFileType = wrapper.xcdatamodel; path = Ironlog.xcdatamodel; sourceTree = "<group>"; };
		05D385F1293251AA00911EFF /* AddSetView.swift */ = {isa = PBXFileReference; lastKnownFileType = sourcecode.swift; path = AddSetView.swift; sourceTree = "<group>"; };
		05E3991628EEF87A009E1125 /* WorkoutCompletionView.swift */ = {isa = PBXFileReference; lastKnownFileType = sourcecode.swift; path = WorkoutCompletionView.swift; sourceTree = "<group>"; };
		05E3991828EEFB87009E1125 /* ExerciseCompletionRowView.swift */ = {isa = PBXFileReference; fileEncoding = 4; lastKnownFileType = sourcecode.swift; path = ExerciseCompletionRowView.swift; sourceTree = "<group>"; };
		05E3991A28F0F06E009E1125 /* WorkoutSelection.swift */ = {isa = PBXFileReference; lastKnownFileType = sourcecode.swift; path = WorkoutSelection.swift; sourceTree = "<group>"; };
		05E55D3427EFB91600FAD5B7 /* ActiveWorkoutView.swift */ = {isa = PBXFileReference; lastKnownFileType = sourcecode.swift; path = ActiveWorkoutView.swift; sourceTree = "<group>"; };
		05E6FA2F28EB0C0F005DF36D /* ExerciseCompletionView.swift */ = {isa = PBXFileReference; lastKnownFileType = sourcecode.swift; path = ExerciseCompletionView.swift; sourceTree = "<group>"; };
		05E9B00F296DB46F0004EC20 /* ActiveMainView.swift */ = {isa = PBXFileReference; lastKnownFileType = sourcecode.swift; path = ActiveMainView.swift; sourceTree = "<group>"; };
		05E9B011296EEDE80004EC20 /* ActiveSupplementalView.swift */ = {isa = PBXFileReference; lastKnownFileType = sourcecode.swift; path = ActiveSupplementalView.swift; sourceTree = "<group>"; };
		05E9B013296F02E00004EC20 /* ActiveAssistanceView.swift */ = {isa = PBXFileReference; lastKnownFileType = sourcecode.swift; path = ActiveAssistanceView.swift; sourceTree = "<group>"; };
		05F1E2FE28D9DDC4009D5EED /* EditExerciseView.swift */ = {isa = PBXFileReference; lastKnownFileType = sourcecode.swift; path = EditExerciseView.swift; sourceTree = "<group>"; };
/* End PBXFileReference section */

/* Begin PBXFrameworksBuildPhase section */
		053FDDD3272F2DC5002D6D9D /* Frameworks */ = {
			isa = PBXFrameworksBuildPhase;
			buildActionMask = 2147483647;
			files = (
			);
			runOnlyForDeploymentPostprocessing = 0;
		};
		053FDDE3272F2DC5002D6D9D /* Frameworks */ = {
			isa = PBXFrameworksBuildPhase;
			buildActionMask = 2147483647;
			files = (
			);
			runOnlyForDeploymentPostprocessing = 0;
		};
		053FDDED272F2DC5002D6D9D /* Frameworks */ = {
			isa = PBXFrameworksBuildPhase;
			buildActionMask = 2147483647;
			files = (
			);
			runOnlyForDeploymentPostprocessing = 0;
		};
		059BACD129DEE8A1005AEE8E /* Frameworks */ = {
			isa = PBXFrameworksBuildPhase;
			buildActionMask = 2147483647;
			files = (
			);
			runOnlyForDeploymentPostprocessing = 0;
		};
/* End PBXFrameworksBuildPhase section */

/* Begin PBXGroup section */
		05116C9C29BB6A940020ED1E /* Models */ = {
			isa = PBXGroup;
			children = (
				05116C7829BB6A6D0020ED1E /* FslAmrapWorkout.swift */,
				05116C7A29BB6A6D0020ED1E /* AssistanceExercise.swift */,
				05116C7C29BB6A6D0020ED1E /* Lift.swift */,
				05116C7E29BB6A6D0020ED1E /* MainExercise.swift */,
				05116C8029BB6A6D0020ED1E /* SupplementalExercise.swift */,
				05116C8229BB6A6D0020ED1E /* Exercise.swift */,
				05116C8429BB6A6D0020ED1E /* Workout.swift */,
				05116C8629BB6A6D0020ED1E /* WarmupExercise.swift */,
				05116C8829BB6A6D0020ED1E /* ExerciseSet.swift */,
			);
			path = Models;
			sourceTree = "<group>";
		};
		052E62FC295C94D100D0B79F /* WorkoutDetails */ = {
			isa = PBXGroup;
			children = (
				052E62F8295C8EE200D0B79F /* WarmUpView.swift */,
				052E62FA295C93A400D0B79F /* MainView.swift */,
				05A6E7BB27C18B7800B3113E /* WorkoutDetailsView.swift */,
				052E62FD295C958E00D0B79F /* SupplementalView.swift */,
				052E62FF295C97FE00D0B79F /* AssistanceView.swift */,
				052E6301295C99F300D0B79F /* ExerciseHeaderView.swift */,
				052E6305295C9DEC00D0B79F /* ExerciseRowView.swift */,
			);
			path = WorkoutDetails;
			sourceTree = "<group>";
		};
		053FDDCD272F2DC5002D6D9D = {
			isa = PBXGroup;
			children = (
				059BACCA29DEE85F005AEE8E /* IronlogSnapshotTests */,
				057D970E298561F6001509CF /* Models */,
				05CABDB72826DC5100A53B98 /* Infrastructure */,
				053FDDD8272F2DC5002D6D9D /* Ironlog */,
				053FDDE9272F2DC5002D6D9D /* IronlogTests */,
				053FDDF3272F2DC5002D6D9D /* IronlogUITests */,
				053FDDD7272F2DC5002D6D9D /* Products */,
			);
			sourceTree = "<group>";
		};
		053FDDD7272F2DC5002D6D9D /* Products */ = {
			isa = PBXGroup;
			children = (
				053FDDD6272F2DC5002D6D9D /* Ironlog.app */,
				053FDDE6272F2DC5002D6D9D /* IronlogTests.xctest */,
				053FDDF0272F2DC5002D6D9D /* IronlogUITests.xctest */,
				059BACD629DEE8A1005AEE8E /* IronlogSnapshotTests.xctest */,
			);
			name = Products;
			sourceTree = "<group>";
		};
		053FDDD8272F2DC5002D6D9D /* Ironlog */ = {
			isa = PBXGroup;
			children = (
				050CC5EA29169679009A422E /* Info.plist */,
				05E55D3327EFB8FF00FAD5B7 /* ActiveWorkout */,
				05A6E7B827C18A0200B3113E /* Workouts */,
				05A6E7B327C17ED600B3113E /* Lifts */,
				053FDDD9272F2DC5002D6D9D /* IronlogApp.swift */,
				053FDDDD272F2DC5002D6D9D /* Assets.xcassets */,
				053FDDDF272F2DC5002D6D9D /* Preview Content */,
			);
			path = Ironlog;
			sourceTree = "<group>";
		};
		053FDDDF272F2DC5002D6D9D /* Preview Content */ = {
			isa = PBXGroup;
			children = (
				053FDDE0272F2DC5002D6D9D /* Preview Assets.xcassets */,
			);
			path = "Preview Content";
			sourceTree = "<group>";
		};
		053FDDE9272F2DC5002D6D9D /* IronlogTests */ = {
			isa = PBXGroup;
			children = (
				0516966329ABDF30006BC0C1 /* WorkoutTests.swift */,
				05700E3729BA14A300FED81A /* MainExerciseModelTests.swift */,
				05700E3929BA182100FED81A /* WarmupExerciseModelTests.swift */,
				05700E3B29BA197300FED81A /* SupplementalExerciseModelTests.swift */,
				05116C7429BB5C360020ED1E /* AssistanceExerciseModelTests.swift */,
			);
			path = IronlogTests;
			sourceTree = "<group>";
		};
		053FDDF3272F2DC5002D6D9D /* IronlogUITests */ = {
			isa = PBXGroup;
			children = (
				0586920629DEEED800F19144 /* IronlogUITests.swift */,
			);
			path = IronlogUITests;
			sourceTree = "<group>";
		};
		054C288529436E9500E04761 /* Exercises */ = {
			isa = PBXGroup;
			children = (
				05D385F02932516800911EFF /* ExerciseSets */,
				0554AAE1281485A2001E8A58 /* AddExerciseView.swift */,
				058B1B81281DD0EF00FD87C2 /* ExerciseDetailsView.swift */,
				05F1E2FE28D9DDC4009D5EED /* EditExerciseView.swift */,
				058060D5295B298600F86A9F /* AddWarmUpView.swift */,
				058060D7295B2E7000F86A9F /* AddAssistanceView.swift */,
				058060D9295B2F1800F86A9F /* AddMainView.swift */,
				058060DB295B323800F86A9F /* AddSupplementalView.swift */,
			);
			path = Exercises;
			sourceTree = "<group>";
		};
		057D970E298561F6001509CF /* Models */ = {
			isa = PBXGroup;
			children = (
				057D970F2985621A001509CF /* WorkoutTimer.swift */,
				0516966129AA89D9006BC0C1 /* CycleWeek.swift */,
			);
			path = Models;
			sourceTree = "<group>";
		};
		059BACCA29DEE85F005AEE8E /* IronlogSnapshotTests */ = {
			isa = PBXGroup;
			children = (
				053FDDF4272F2DC5002D6D9D /* IronlogSnapshotUITests.swift */,
				05B9153529AA48E100BFD492 /* SnapshotHelper.swift */,
			);
			path = IronlogSnapshotTests;
			sourceTree = "<group>";
		};
		05A6E7B327C17ED600B3113E /* Lifts */ = {
			isa = PBXGroup;
			children = (
				05A6E7B427C17EF000B3113E /* LiftsView.swift */,
				05A6E7B627C1807700B3113E /* EditLiftView.swift */,
				052C8AC32817883700324E68 /* AddLiftView.swift */,
				054FEB1E28BA3B0A00506316 /* LiftDetailView.swift */,
				059CD6CB28C2263000DDA354 /* LiftLineItemView.swift */,
			);
			path = Lifts;
			sourceTree = "<group>";
		};
		05A6E7B827C18A0200B3113E /* Workouts */ = {
			isa = PBXGroup;
			children = (
				052E62FC295C94D100D0B79F /* WorkoutDetails */,
				054C288529436E9500E04761 /* Exercises */,
				0532310428C6250A00094823 /* AddWorkoutView.swift */,
				05A6E7B927C18A1000B3113E /* WorkoutsView.swift */,
				050009C7295491B200FCBEF6 /* EditWorkoutView.swift */,
			);
			path = Workouts;
			sourceTree = "<group>";
		};
		05CABDB72826DC5100A53B98 /* Infrastructure */ = {
			isa = PBXGroup;
			children = (
				05CABDB82826DC5800A53B98 /* CoreData */,
			);
			path = Infrastructure;
			sourceTree = "<group>";
		};
		05CABDB82826DC5800A53B98 /* CoreData */ = {
			isa = PBXGroup;
			children = (
				05116C9C29BB6A940020ED1E /* Models */,
				05CABDB92826DC6500A53B98 /* Ironlog.xcdatamodeld */,
				058F24972938E3AE00111074 /* PersistenceController.swift */,
			);
			path = CoreData;
			sourceTree = "<group>";
		};
		05D385F02932516800911EFF /* ExerciseSets */ = {
			isa = PBXGroup;
			children = (
				05ABCF712929AF17009BC6BC /* EditSetsView.swift */,
				05D385F1293251AA00911EFF /* AddSetView.swift */,
			);
			path = ExerciseSets;
			sourceTree = "<group>";
		};
		05E55D3327EFB8FF00FAD5B7 /* ActiveWorkout */ = {
			isa = PBXGroup;
			children = (
				05E3991828EEFB87009E1125 /* ExerciseCompletionRowView.swift */,
				05E55D3427EFB91600FAD5B7 /* ActiveWorkoutView.swift */,
				05E6FA2F28EB0C0F005DF36D /* ExerciseCompletionView.swift */,
				05E3991628EEF87A009E1125 /* WorkoutCompletionView.swift */,
				05E3991A28F0F06E009E1125 /* WorkoutSelection.swift */,
				0551DF572969AD3300250CE0 /* ActiveFslAmrapView.swift */,
				0551DF592969B07800250CE0 /* ActiveWarmupView.swift */,
				05E9B00F296DB46F0004EC20 /* ActiveMainView.swift */,
				05E9B011296EEDE80004EC20 /* ActiveSupplementalView.swift */,
				05E9B013296F02E00004EC20 /* ActiveAssistanceView.swift */,
			);
			path = ActiveWorkout;
			sourceTree = "<group>";
		};
/* End PBXGroup section */

/* Begin PBXNativeTarget section */
		053FDDD5272F2DC5002D6D9D /* Ironlog */ = {
			isa = PBXNativeTarget;
			buildConfigurationList = 053FDDFA272F2DC5002D6D9D /* Build configuration list for PBXNativeTarget "Ironlog" */;
			buildPhases = (
				053FDDD2272F2DC5002D6D9D /* Sources */,
				053FDDD3272F2DC5002D6D9D /* Frameworks */,
				053FDDD4272F2DC5002D6D9D /* Resources */,
			);
			buildRules = (
			);
			dependencies = (
			);
			name = Ironlog;
			productName = Ironlog;
			productReference = 053FDDD6272F2DC5002D6D9D /* Ironlog.app */;
			productType = "com.apple.product-type.application";
		};
		053FDDE5272F2DC5002D6D9D /* IronlogTests */ = {
			isa = PBXNativeTarget;
			buildConfigurationList = 053FDDFD272F2DC5002D6D9D /* Build configuration list for PBXNativeTarget "IronlogTests" */;
			buildPhases = (
				053FDDE2272F2DC5002D6D9D /* Sources */,
				053FDDE3272F2DC5002D6D9D /* Frameworks */,
				053FDDE4272F2DC5002D6D9D /* Resources */,
			);
			buildRules = (
			);
			dependencies = (
				053FDDE8272F2DC5002D6D9D /* PBXTargetDependency */,
			);
			name = IronlogTests;
			productName = IronlogTests;
			productReference = 053FDDE6272F2DC5002D6D9D /* IronlogTests.xctest */;
			productType = "com.apple.product-type.bundle.unit-test";
		};
		053FDDEF272F2DC5002D6D9D /* IronlogUITests */ = {
			isa = PBXNativeTarget;
			buildConfigurationList = 053FDE00272F2DC5002D6D9D /* Build configuration list for PBXNativeTarget "IronlogUITests" */;
			buildPhases = (
				053FDDEC272F2DC5002D6D9D /* Sources */,
				053FDDED272F2DC5002D6D9D /* Frameworks */,
				053FDDEE272F2DC5002D6D9D /* Resources */,
			);
			buildRules = (
			);
			dependencies = (
				053FDDF2272F2DC5002D6D9D /* PBXTargetDependency */,
			);
			name = IronlogUITests;
			productName = IronlogUITests;
			productReference = 053FDDF0272F2DC5002D6D9D /* IronlogUITests.xctest */;
			productType = "com.apple.product-type.bundle.ui-testing";
		};
		059BACCB29DEE8A1005AEE8E /* IronlogSnapshotTests */ = {
			isa = PBXNativeTarget;
			buildConfigurationList = 059BACD329DEE8A1005AEE8E /* Build configuration list for PBXNativeTarget "IronlogSnapshotTests" */;
			buildPhases = (
				059BACCE29DEE8A1005AEE8E /* Sources */,
				059BACD129DEE8A1005AEE8E /* Frameworks */,
				059BACD229DEE8A1005AEE8E /* Resources */,
			);
			buildRules = (
			);
			dependencies = (
				059BACCC29DEE8A1005AEE8E /* PBXTargetDependency */,
			);
			name = IronlogSnapshotTests;
			productName = IronlogUITests;
			productReference = 059BACD629DEE8A1005AEE8E /* IronlogSnapshotTests.xctest */;
			productType = "com.apple.product-type.bundle.ui-testing";
		};
/* End PBXNativeTarget section */

/* Begin PBXProject section */
		053FDDCE272F2DC5002D6D9D /* Project object */ = {
			isa = PBXProject;
			attributes = {
				BuildIndependentTargetsInParallel = 1;
				LastSwiftUpdateCheck = 1310;
				LastUpgradeCheck = 1310;
				TargetAttributes = {
					053FDDD5272F2DC5002D6D9D = {
						CreatedOnToolsVersion = 13.1;
					};
					053FDDE5272F2DC5002D6D9D = {
						CreatedOnToolsVersion = 13.1;
						TestTargetID = 053FDDD5272F2DC5002D6D9D;
					};
					053FDDEF272F2DC5002D6D9D = {
						CreatedOnToolsVersion = 13.1;
						LastSwiftMigration = 1430;
						TestTargetID = 053FDDD5272F2DC5002D6D9D;
					};
					059BACCB29DEE8A1005AEE8E = {
						TestTargetID = 053FDDD5272F2DC5002D6D9D;
					};
				};
			};
			buildConfigurationList = 053FDDD1272F2DC5002D6D9D /* Build configuration list for PBXProject "Ironlog" */;
			compatibilityVersion = "Xcode 13.0";
			developmentRegion = en;
			hasScannedForEncodings = 0;
			knownRegions = (
				en,
				Base,
			);
			mainGroup = 053FDDCD272F2DC5002D6D9D;
			productRefGroup = 053FDDD7272F2DC5002D6D9D /* Products */;
			projectDirPath = "";
			projectRoot = "";
			targets = (
				053FDDD5272F2DC5002D6D9D /* Ironlog */,
				053FDDE5272F2DC5002D6D9D /* IronlogTests */,
				053FDDEF272F2DC5002D6D9D /* IronlogUITests */,
				059BACCB29DEE8A1005AEE8E /* IronlogSnapshotTests */,
			);
		};
/* End PBXProject section */

/* Begin PBXResourcesBuildPhase section */
		053FDDD4272F2DC5002D6D9D /* Resources */ = {
			isa = PBXResourcesBuildPhase;
			buildActionMask = 2147483647;
			files = (
				053FDDE1272F2DC5002D6D9D /* Preview Assets.xcassets in Resources */,
				053FDDDE272F2DC5002D6D9D /* Assets.xcassets in Resources */,
			);
			runOnlyForDeploymentPostprocessing = 0;
		};
		053FDDE4272F2DC5002D6D9D /* Resources */ = {
			isa = PBXResourcesBuildPhase;
			buildActionMask = 2147483647;
			files = (
			);
			runOnlyForDeploymentPostprocessing = 0;
		};
		053FDDEE272F2DC5002D6D9D /* Resources */ = {
			isa = PBXResourcesBuildPhase;
			buildActionMask = 2147483647;
			files = (
			);
			runOnlyForDeploymentPostprocessing = 0;
		};
		059BACD229DEE8A1005AEE8E /* Resources */ = {
			isa = PBXResourcesBuildPhase;
			buildActionMask = 2147483647;
			files = (
			);
			runOnlyForDeploymentPostprocessing = 0;
		};
/* End PBXResourcesBuildPhase section */

/* Begin PBXSourcesBuildPhase section */
		053FDDD2272F2DC5002D6D9D /* Sources */ = {
			isa = PBXSourcesBuildPhase;
			buildActionMask = 2147483647;
			files = (
				05A6E7BC27C18B7800B3113E /* WorkoutDetailsView.swift in Sources */,
				05116C9629BB6A6D0020ED1E /* Workout.swift in Sources */,
				05116C9A29BB6A6D0020ED1E /* ExerciseSet.swift in Sources */,
				05D385F2293251AA00911EFF /* AddSetView.swift in Sources */,
				058060DC295B323800F86A9F /* AddSupplementalView.swift in Sources */,
				05E3991B28F0F06E009E1125 /* WorkoutSelection.swift in Sources */,
				05E9B012296EEDE80004EC20 /* ActiveSupplementalView.swift in Sources */,
				05A6E7B727C1807700B3113E /* EditLiftView.swift in Sources */,
				058060D8295B2E7000F86A9F /* AddAssistanceView.swift in Sources */,
				05116C9229BB6A6D0020ED1E /* SupplementalExercise.swift in Sources */,
				05116C9829BB6A6D0020ED1E /* WarmupExercise.swift in Sources */,
				058060D6295B298600F86A9F /* AddWarmUpView.swift in Sources */,
				058060DA295B2F1800F86A9F /* AddMainView.swift in Sources */,
				052E62FB295C93A400D0B79F /* MainView.swift in Sources */,
				05E9B010296DB46F0004EC20 /* ActiveMainView.swift in Sources */,
				05E3991728EEF87A009E1125 /* WorkoutCompletionView.swift in Sources */,
				059CD6CC28C2263000DDA354 /* LiftLineItemView.swift in Sources */,
				052C8AC42817883700324E68 /* AddLiftView.swift in Sources */,
				05116C9029BB6A6D0020ED1E /* MainExercise.swift in Sources */,
				0532310528C6250A00094823 /* AddWorkoutView.swift in Sources */,
				05A6E7BA27C18A1000B3113E /* WorkoutsView.swift in Sources */,
				05116C8E29BB6A6D0020ED1E /* Lift.swift in Sources */,
				058F24982938E3AE00111074 /* PersistenceController.swift in Sources */,
				05E6FA3028EB0C0F005DF36D /* ExerciseCompletionView.swift in Sources */,
				052E62FE295C958E00D0B79F /* SupplementalView.swift in Sources */,
				0516966229AA89D9006BC0C1 /* CycleWeek.swift in Sources */,
				05ABCF722929AF17009BC6BC /* EditSetsView.swift in Sources */,
				05F1E2FF28D9DDC4009D5EED /* EditExerciseView.swift in Sources */,
				05E55D3527EFB91600FAD5B7 /* ActiveWorkoutView.swift in Sources */,
				05116C8A29BB6A6D0020ED1E /* FslAmrapWorkout.swift in Sources */,
				052E6300295C97FE00D0B79F /* AssistanceView.swift in Sources */,
				05116C9429BB6A6D0020ED1E /* Exercise.swift in Sources */,
				05CABDBB2826DC6500A53B98 /* Ironlog.xcdatamodeld in Sources */,
				053FDDDA272F2DC5002D6D9D /* IronlogApp.swift in Sources */,
				058B1B82281DD0EF00FD87C2 /* ExerciseDetailsView.swift in Sources */,
				0551DF5A2969B07800250CE0 /* ActiveWarmupView.swift in Sources */,
				0551DF582969AD3300250CE0 /* ActiveFslAmrapView.swift in Sources */,
				054FEB1F28BA3B0A00506316 /* LiftDetailView.swift in Sources */,
				052E6302295C99F300D0B79F /* ExerciseHeaderView.swift in Sources */,
				05A6E7B527C17EF000B3113E /* LiftsView.swift in Sources */,
				05E9B014296F02E00004EC20 /* ActiveAssistanceView.swift in Sources */,
				052E6306295C9DEC00D0B79F /* ExerciseRowView.swift in Sources */,
				057D97102985621A001509CF /* WorkoutTimer.swift in Sources */,
				0554AAE2281485A2001E8A58 /* AddExerciseView.swift in Sources */,
				05116C8C29BB6A6D0020ED1E /* AssistanceExercise.swift in Sources */,
				052E62F9295C8EE200D0B79F /* WarmUpView.swift in Sources */,
				050009C8295491B200FCBEF6 /* EditWorkoutView.swift in Sources */,
				05E3991928EEFB87009E1125 /* ExerciseCompletionRowView.swift in Sources */,
			);
			runOnlyForDeploymentPostprocessing = 0;
		};
		053FDDE2272F2DC5002D6D9D /* Sources */ = {
			isa = PBXSourcesBuildPhase;
			buildActionMask = 2147483647;
			files = (
				05700E3A29BA182100FED81A /* WarmupExerciseModelTests.swift in Sources */,
				0516966429ABDF30006BC0C1 /* WorkoutTests.swift in Sources */,
				05116C7529BB5C360020ED1E /* AssistanceExerciseModelTests.swift in Sources */,
				05700E3829BA14A300FED81A /* MainExerciseModelTests.swift in Sources */,
				05700E3C29BA197300FED81A /* SupplementalExerciseModelTests.swift in Sources */,
			);
			runOnlyForDeploymentPostprocessing = 0;
		};
		053FDDEC272F2DC5002D6D9D /* Sources */ = {
			isa = PBXSourcesBuildPhase;
			buildActionMask = 2147483647;
			files = (
				0586920729DEEED800F19144 /* IronlogUITests.swift in Sources */,
			);
			runOnlyForDeploymentPostprocessing = 0;
		};
		059BACCE29DEE8A1005AEE8E /* Sources */ = {
			isa = PBXSourcesBuildPhase;
			buildActionMask = 2147483647;
			files = (
				059BACCF29DEE8A1005AEE8E /* IronlogSnapshotUITests.swift in Sources */,
				059BACD029DEE8A1005AEE8E /* SnapshotHelper.swift in Sources */,
			);
			runOnlyForDeploymentPostprocessing = 0;
		};
/* End PBXSourcesBuildPhase section */

/* Begin PBXTargetDependency section */
		053FDDE8272F2DC5002D6D9D /* PBXTargetDependency */ = {
			isa = PBXTargetDependency;
			target = 053FDDD5272F2DC5002D6D9D /* Ironlog */;
			targetProxy = 053FDDE7272F2DC5002D6D9D /* PBXContainerItemProxy */;
		};
		053FDDF2272F2DC5002D6D9D /* PBXTargetDependency */ = {
			isa = PBXTargetDependency;
			target = 053FDDD5272F2DC5002D6D9D /* Ironlog */;
			targetProxy = 053FDDF1272F2DC5002D6D9D /* PBXContainerItemProxy */;
		};
		059BACCC29DEE8A1005AEE8E /* PBXTargetDependency */ = {
			isa = PBXTargetDependency;
			target = 053FDDD5272F2DC5002D6D9D /* Ironlog */;
			targetProxy = 059BACCD29DEE8A1005AEE8E /* PBXContainerItemProxy */;
		};
/* End PBXTargetDependency section */

/* Begin XCBuildConfiguration section */
		053FDDF8272F2DC5002D6D9D /* Debug */ = {
			isa = XCBuildConfiguration;
			buildSettings = {
				ALWAYS_SEARCH_USER_PATHS = NO;
				CLANG_ANALYZER_NONNULL = YES;
				CLANG_ANALYZER_NUMBER_OBJECT_CONVERSION = YES_AGGRESSIVE;
				CLANG_CXX_LANGUAGE_STANDARD = "gnu++17";
				CLANG_CXX_LIBRARY = "libc++";
				CLANG_ENABLE_MODULES = YES;
				CLANG_ENABLE_OBJC_ARC = YES;
				CLANG_ENABLE_OBJC_WEAK = YES;
				CLANG_WARN_BLOCK_CAPTURE_AUTORELEASING = YES;
				CLANG_WARN_BOOL_CONVERSION = YES;
				CLANG_WARN_COMMA = YES;
				CLANG_WARN_CONSTANT_CONVERSION = YES;
				CLANG_WARN_DEPRECATED_OBJC_IMPLEMENTATIONS = YES;
				CLANG_WARN_DIRECT_OBJC_ISA_USAGE = YES_ERROR;
				CLANG_WARN_DOCUMENTATION_COMMENTS = YES;
				CLANG_WARN_EMPTY_BODY = YES;
				CLANG_WARN_ENUM_CONVERSION = YES;
				CLANG_WARN_INFINITE_RECURSION = YES;
				CLANG_WARN_INT_CONVERSION = YES;
				CLANG_WARN_NON_LITERAL_NULL_CONVERSION = YES;
				CLANG_WARN_OBJC_IMPLICIT_RETAIN_SELF = YES;
				CLANG_WARN_OBJC_LITERAL_CONVERSION = YES;
				CLANG_WARN_OBJC_ROOT_CLASS = YES_ERROR;
				CLANG_WARN_QUOTED_INCLUDE_IN_FRAMEWORK_HEADER = YES;
				CLANG_WARN_RANGE_LOOP_ANALYSIS = YES;
				CLANG_WARN_STRICT_PROTOTYPES = YES;
				CLANG_WARN_SUSPICIOUS_MOVE = YES;
				CLANG_WARN_UNGUARDED_AVAILABILITY = YES_AGGRESSIVE;
				CLANG_WARN_UNREACHABLE_CODE = YES;
				CLANG_WARN__DUPLICATE_METHOD_MATCH = YES;
				COPY_PHASE_STRIP = NO;
				DEBUG_INFORMATION_FORMAT = dwarf;
				ENABLE_STRICT_OBJC_MSGSEND = YES;
				ENABLE_TESTABILITY = YES;
				GCC_C_LANGUAGE_STANDARD = gnu11;
				GCC_DYNAMIC_NO_PIC = NO;
				GCC_NO_COMMON_BLOCKS = YES;
				GCC_OPTIMIZATION_LEVEL = 0;
				GCC_PREPROCESSOR_DEFINITIONS = (
					"DEBUG=1",
					"$(inherited)",
				);
				GCC_WARN_64_TO_32_BIT_CONVERSION = YES;
				GCC_WARN_ABOUT_RETURN_TYPE = YES_ERROR;
				GCC_WARN_UNDECLARED_SELECTOR = YES;
				GCC_WARN_UNINITIALIZED_AUTOS = YES_AGGRESSIVE;
				GCC_WARN_UNUSED_FUNCTION = YES;
				GCC_WARN_UNUSED_VARIABLE = YES;
				IPHONEOS_DEPLOYMENT_TARGET = 16.0;
				MTL_ENABLE_DEBUG_INFO = INCLUDE_SOURCE;
				MTL_FAST_MATH = YES;
				ONLY_ACTIVE_ARCH = YES;
				SDKROOT = iphoneos;
				SWIFT_ACTIVE_COMPILATION_CONDITIONS = DEBUG;
				SWIFT_OPTIMIZATION_LEVEL = "-Onone";
			};
			name = Debug;
		};
		053FDDF9272F2DC5002D6D9D /* Release */ = {
			isa = XCBuildConfiguration;
			buildSettings = {
				ALWAYS_SEARCH_USER_PATHS = NO;
				CLANG_ANALYZER_NONNULL = YES;
				CLANG_ANALYZER_NUMBER_OBJECT_CONVERSION = YES_AGGRESSIVE;
				CLANG_CXX_LANGUAGE_STANDARD = "gnu++17";
				CLANG_CXX_LIBRARY = "libc++";
				CLANG_ENABLE_MODULES = YES;
				CLANG_ENABLE_OBJC_ARC = YES;
				CLANG_ENABLE_OBJC_WEAK = YES;
				CLANG_WARN_BLOCK_CAPTURE_AUTORELEASING = YES;
				CLANG_WARN_BOOL_CONVERSION = YES;
				CLANG_WARN_COMMA = YES;
				CLANG_WARN_CONSTANT_CONVERSION = YES;
				CLANG_WARN_DEPRECATED_OBJC_IMPLEMENTATIONS = YES;
				CLANG_WARN_DIRECT_OBJC_ISA_USAGE = YES_ERROR;
				CLANG_WARN_DOCUMENTATION_COMMENTS = YES;
				CLANG_WARN_EMPTY_BODY = YES;
				CLANG_WARN_ENUM_CONVERSION = YES;
				CLANG_WARN_INFINITE_RECURSION = YES;
				CLANG_WARN_INT_CONVERSION = YES;
				CLANG_WARN_NON_LITERAL_NULL_CONVERSION = YES;
				CLANG_WARN_OBJC_IMPLICIT_RETAIN_SELF = YES;
				CLANG_WARN_OBJC_LITERAL_CONVERSION = YES;
				CLANG_WARN_OBJC_ROOT_CLASS = YES_ERROR;
				CLANG_WARN_QUOTED_INCLUDE_IN_FRAMEWORK_HEADER = YES;
				CLANG_WARN_RANGE_LOOP_ANALYSIS = YES;
				CLANG_WARN_STRICT_PROTOTYPES = YES;
				CLANG_WARN_SUSPICIOUS_MOVE = YES;
				CLANG_WARN_UNGUARDED_AVAILABILITY = YES_AGGRESSIVE;
				CLANG_WARN_UNREACHABLE_CODE = YES;
				CLANG_WARN__DUPLICATE_METHOD_MATCH = YES;
				COPY_PHASE_STRIP = NO;
				DEBUG_INFORMATION_FORMAT = "dwarf-with-dsym";
				ENABLE_NS_ASSERTIONS = NO;
				ENABLE_STRICT_OBJC_MSGSEND = YES;
				GCC_C_LANGUAGE_STANDARD = gnu11;
				GCC_NO_COMMON_BLOCKS = YES;
				GCC_WARN_64_TO_32_BIT_CONVERSION = YES;
				GCC_WARN_ABOUT_RETURN_TYPE = YES_ERROR;
				GCC_WARN_UNDECLARED_SELECTOR = YES;
				GCC_WARN_UNINITIALIZED_AUTOS = YES_AGGRESSIVE;
				GCC_WARN_UNUSED_FUNCTION = YES;
				GCC_WARN_UNUSED_VARIABLE = YES;
				IPHONEOS_DEPLOYMENT_TARGET = 16.0;
				MTL_ENABLE_DEBUG_INFO = NO;
				MTL_FAST_MATH = YES;
				SDKROOT = iphoneos;
				SWIFT_COMPILATION_MODE = wholemodule;
				SWIFT_OPTIMIZATION_LEVEL = "-O";
				VALIDATE_PRODUCT = YES;
			};
			name = Release;
		};
		053FDDFB272F2DC5002D6D9D /* Debug */ = {
			isa = XCBuildConfiguration;
			buildSettings = {
				ASSETCATALOG_COMPILER_APPICON_NAME = AppIcon;
				ASSETCATALOG_COMPILER_GLOBAL_ACCENT_COLOR_NAME = AccentColor;
				ASSETCATALOG_COMPILER_INCLUDE_ALL_APPICON_ASSETS = YES;
				CODE_SIGN_IDENTITY = "Apple Development";
				CODE_SIGN_STYLE = Automatic;
				CURRENT_PROJECT_VERSION = 21;
				DEVELOPMENT_ASSET_PATHS = "\"Ironlog/Preview Content\"";
				DEVELOPMENT_TEAM = U3NXLYP7CP;
				ENABLE_PREVIEWS = YES;
				GENERATE_INFOPLIST_FILE = YES;
				INFOPLIST_FILE = Ironlog/Info.plist;
				INFOPLIST_KEY_CFBundleDisplayName = Ironlog;
				INFOPLIST_KEY_LSApplicationCategoryType = "public.app-category.healthcare-fitness";
				INFOPLIST_KEY_UIApplicationSceneManifest_Generation = YES;
				INFOPLIST_KEY_UIApplicationSupportsIndirectInputEvents = YES;
				INFOPLIST_KEY_UILaunchScreen_Generation = YES;
				INFOPLIST_KEY_UISupportedInterfaceOrientations = UIInterfaceOrientationPortrait;
				INFOPLIST_KEY_UISupportedInterfaceOrientations_iPad = "UIInterfaceOrientationLandscapeLeft UIInterfaceOrientationLandscapeRight UIInterfaceOrientationPortrait UIInterfaceOrientationPortraitUpsideDown";
				IPHONEOS_DEPLOYMENT_TARGET = 16.0;
				LD_RUNPATH_SEARCH_PATHS = (
					"$(inherited)",
					"@executable_path/Frameworks",
				);
				MARKETING_VERSION = 1.0;
				PRODUCT_BUNDLE_IDENTIFIER = braynesoft.Ironlog;
				PRODUCT_NAME = "$(TARGET_NAME)";
				PROVISIONING_PROFILE_SPECIFIER = "";
				SUPPORTED_PLATFORMS = "iphoneos iphonesimulator";
				SUPPORTS_MACCATALYST = NO;
				SUPPORTS_MAC_DESIGNED_FOR_IPHONE_IPAD = NO;
				SWIFT_EMIT_LOC_STRINGS = YES;
				SWIFT_VERSION = 5.0;
				TARGETED_DEVICE_FAMILY = 1;
			};
			name = Debug;
		};
		053FDDFC272F2DC5002D6D9D /* Release */ = {
			isa = XCBuildConfiguration;
			buildSettings = {
				ASSETCATALOG_COMPILER_APPICON_NAME = AppIcon;
				ASSETCATALOG_COMPILER_GLOBAL_ACCENT_COLOR_NAME = AccentColor;
				ASSETCATALOG_COMPILER_INCLUDE_ALL_APPICON_ASSETS = YES;
				CODE_SIGN_IDENTITY = "Apple Distribution: Brian Stauff (U3NXLYP7CP)";
				"CODE_SIGN_IDENTITY[sdk=iphoneos*]" = "Apple Distribution: Brian Stauff (U3NXLYP7CP)";
				CODE_SIGN_STYLE = Manual;
				CURRENT_PROJECT_VERSION = 21;
				DEVELOPMENT_ASSET_PATHS = "\"Ironlog/Preview Content\"";
				DEVELOPMENT_TEAM = "";
				"DEVELOPMENT_TEAM[sdk=iphoneos*]" = U3NXLYP7CP;
				ENABLE_PREVIEWS = YES;
				GENERATE_INFOPLIST_FILE = YES;
				INFOPLIST_FILE = Ironlog/Info.plist;
				INFOPLIST_KEY_CFBundleDisplayName = Ironlog;
				INFOPLIST_KEY_LSApplicationCategoryType = "public.app-category.healthcare-fitness";
				INFOPLIST_KEY_UIApplicationSceneManifest_Generation = YES;
				INFOPLIST_KEY_UIApplicationSupportsIndirectInputEvents = YES;
				INFOPLIST_KEY_UILaunchScreen_Generation = YES;
				INFOPLIST_KEY_UISupportedInterfaceOrientations = UIInterfaceOrientationPortrait;
				INFOPLIST_KEY_UISupportedInterfaceOrientations_iPad = "UIInterfaceOrientationLandscapeLeft UIInterfaceOrientationLandscapeRight UIInterfaceOrientationPortrait UIInterfaceOrientationPortraitUpsideDown";
				IPHONEOS_DEPLOYMENT_TARGET = 16.0;
				LD_RUNPATH_SEARCH_PATHS = (
					"$(inherited)",
					"@executable_path/Frameworks",
				);
				MARKETING_VERSION = 1.0;
				PRODUCT_BUNDLE_IDENTIFIER = braynesoft.Ironlog;
				PRODUCT_NAME = "$(TARGET_NAME)";
				PROVISIONING_PROFILE_SPECIFIER = "match AppStore braynesoft.Ironlog";
				"PROVISIONING_PROFILE_SPECIFIER[sdk=iphoneos*]" = "match AppStore braynesoft.Ironlog";
				SUPPORTED_PLATFORMS = "iphoneos iphonesimulator";
				SUPPORTS_MACCATALYST = NO;
				SUPPORTS_MAC_DESIGNED_FOR_IPHONE_IPAD = NO;
				SWIFT_EMIT_LOC_STRINGS = YES;
				SWIFT_VERSION = 5.0;
				TARGETED_DEVICE_FAMILY = 1;
			};
			name = Release;
		};
		053FDDFE272F2DC5002D6D9D /* Debug */ = {
			isa = XCBuildConfiguration;
			buildSettings = {
				ALWAYS_EMBED_SWIFT_STANDARD_LIBRARIES = YES;
				BUNDLE_LOADER = "$(TEST_HOST)";
				CODE_SIGN_STYLE = Automatic;
				CURRENT_PROJECT_VERSION = 21;
				GENERATE_INFOPLIST_FILE = YES;
				IPHONEOS_DEPLOYMENT_TARGET = 16.0;
				LD_RUNPATH_SEARCH_PATHS = (
					"$(inherited)",
					"@executable_path/Frameworks",
					"@loader_path/Frameworks",
				);
				MARKETING_VERSION = 1.0;
				PRODUCT_BUNDLE_IDENTIFIER = braynesoft.IronlogTests;
				PRODUCT_NAME = "$(TARGET_NAME)";
				SUPPORTED_PLATFORMS = "iphoneos iphonesimulator";
				SUPPORTS_MACCATALYST = NO;
				SUPPORTS_MAC_DESIGNED_FOR_IPHONE_IPAD = NO;
				SWIFT_EMIT_LOC_STRINGS = NO;
				SWIFT_VERSION = 5.0;
				TARGETED_DEVICE_FAMILY = 1;
				TEST_HOST = "$(BUILT_PRODUCTS_DIR)/Ironlog.app/Ironlog";
			};
			name = Debug;
		};
		053FDDFF272F2DC5002D6D9D /* Release */ = {
			isa = XCBuildConfiguration;
			buildSettings = {
				ALWAYS_EMBED_SWIFT_STANDARD_LIBRARIES = YES;
				BUNDLE_LOADER = "$(TEST_HOST)";
				CODE_SIGN_STYLE = Automatic;
				CURRENT_PROJECT_VERSION = 21;
				GENERATE_INFOPLIST_FILE = YES;
				IPHONEOS_DEPLOYMENT_TARGET = 16.0;
				LD_RUNPATH_SEARCH_PATHS = (
					"$(inherited)",
					"@executable_path/Frameworks",
					"@loader_path/Frameworks",
				);
				MARKETING_VERSION = 1.0;
				PRODUCT_BUNDLE_IDENTIFIER = braynesoft.IronlogTests;
				PRODUCT_NAME = "$(TARGET_NAME)";
				SUPPORTED_PLATFORMS = "iphoneos iphonesimulator";
				SUPPORTS_MACCATALYST = NO;
				SUPPORTS_MAC_DESIGNED_FOR_IPHONE_IPAD = NO;
				SWIFT_EMIT_LOC_STRINGS = NO;
				SWIFT_VERSION = 5.0;
				TARGETED_DEVICE_FAMILY = 1;
				TEST_HOST = "$(BUILT_PRODUCTS_DIR)/Ironlog.app/Ironlog";
			};
			name = Release;
		};
		053FDE01272F2DC5002D6D9D /* Debug */ = {
			isa = XCBuildConfiguration;
			buildSettings = {
				ALWAYS_EMBED_SWIFT_STANDARD_LIBRARIES = YES;
				CLANG_ENABLE_MODULES = YES;
				CODE_SIGN_STYLE = Automatic;
				CURRENT_PROJECT_VERSION = 21;
				GENERATE_INFOPLIST_FILE = YES;
				LD_RUNPATH_SEARCH_PATHS = (
					"$(inherited)",
					"@executable_path/Frameworks",
					"@loader_path/Frameworks",
				);
				MARKETING_VERSION = 1.0;
				PRODUCT_BUNDLE_IDENTIFIER = braynesoft.IronlogUITests;
				PRODUCT_NAME = "$(TARGET_NAME)";
				SUPPORTED_PLATFORMS = "iphoneos iphonesimulator";
				SUPPORTS_MACCATALYST = NO;
				SUPPORTS_MAC_DESIGNED_FOR_IPHONE_IPAD = NO;
				SWIFT_EMIT_LOC_STRINGS = NO;
				SWIFT_OPTIMIZATION_LEVEL = "-Onone";
				SWIFT_VERSION = 5.0;
				TARGETED_DEVICE_FAMILY = 1;
				TEST_TARGET_NAME = Ironlog;
			};
			name = Debug;
		};
		053FDE02272F2DC5002D6D9D /* Release */ = {
			isa = XCBuildConfiguration;
			buildSettings = {
				ALWAYS_EMBED_SWIFT_STANDARD_LIBRARIES = YES;
				CLANG_ENABLE_MODULES = YES;
				CODE_SIGN_STYLE = Automatic;
				CURRENT_PROJECT_VERSION = 21;
				GENERATE_INFOPLIST_FILE = YES;
				LD_RUNPATH_SEARCH_PATHS = (
					"$(inherited)",
					"@executable_path/Frameworks",
					"@loader_path/Frameworks",
				);
				MARKETING_VERSION = 1.0;
				PRODUCT_BUNDLE_IDENTIFIER = braynesoft.IronlogUITests;
				PRODUCT_NAME = "$(TARGET_NAME)";
				SUPPORTED_PLATFORMS = "iphoneos iphonesimulator";
				SUPPORTS_MACCATALYST = NO;
				SUPPORTS_MAC_DESIGNED_FOR_IPHONE_IPAD = NO;
				SWIFT_EMIT_LOC_STRINGS = NO;
				SWIFT_VERSION = 5.0;
				TARGETED_DEVICE_FAMILY = 1;
				TEST_TARGET_NAME = Ironlog;
			};
			name = Release;
		};
		059BACD429DEE8A1005AEE8E /* Debug */ = {
			isa = XCBuildConfiguration;
			buildSettings = {
				ALWAYS_EMBED_SWIFT_STANDARD_LIBRARIES = YES;
				CODE_SIGN_STYLE = Automatic;
				CURRENT_PROJECT_VERSION = 21;
				GENERATE_INFOPLIST_FILE = YES;
				IPHONEOS_DEPLOYMENT_TARGET = 16.0;
				LD_RUNPATH_SEARCH_PATHS = (
					"$(inherited)",
					"@executable_path/Frameworks",
					"@loader_path/Frameworks",
				);
				MARKETING_VERSION = 1.0;
				PRODUCT_BUNDLE_IDENTIFIER = braynesoft.IronlogUITests;
				PRODUCT_NAME = "$(TARGET_NAME)";
				SUPPORTED_PLATFORMS = "iphoneos iphonesimulator";
				SUPPORTS_MACCATALYST = NO;
				SUPPORTS_MAC_DESIGNED_FOR_IPHONE_IPAD = NO;
				SWIFT_EMIT_LOC_STRINGS = NO;
				SWIFT_VERSION = 5.0;
				TARGETED_DEVICE_FAMILY = 1;
				TEST_TARGET_NAME = Ironlog;
			};
			name = Debug;
		};
		059BACD529DEE8A1005AEE8E /* Release */ = {
			isa = XCBuildConfiguration;
			buildSettings = {
				ALWAYS_EMBED_SWIFT_STANDARD_LIBRARIES = YES;
				CODE_SIGN_STYLE = Automatic;
				CURRENT_PROJECT_VERSION = 21;
				GENERATE_INFOPLIST_FILE = YES;
				IPHONEOS_DEPLOYMENT_TARGET = 16.0;
				LD_RUNPATH_SEARCH_PATHS = (
					"$(inherited)",
					"@executable_path/Frameworks",
					"@loader_path/Frameworks",
				);
				MARKETING_VERSION = 1.0;
				PRODUCT_BUNDLE_IDENTIFIER = braynesoft.IronlogUITests;
				PRODUCT_NAME = "$(TARGET_NAME)";
				SUPPORTED_PLATFORMS = "iphoneos iphonesimulator";
				SUPPORTS_MACCATALYST = NO;
				SUPPORTS_MAC_DESIGNED_FOR_IPHONE_IPAD = NO;
				SWIFT_EMIT_LOC_STRINGS = NO;
				SWIFT_VERSION = 5.0;
				TARGETED_DEVICE_FAMILY = 1;
				TEST_TARGET_NAME = Ironlog;
			};
			name = Release;
		};
/* End XCBuildConfiguration section */

/* Begin XCConfigurationList section */
		053FDDD1272F2DC5002D6D9D /* Build configuration list for PBXProject "Ironlog" */ = {
			isa = XCConfigurationList;
			buildConfigurations = (
				053FDDF8272F2DC5002D6D9D /* Debug */,
				053FDDF9272F2DC5002D6D9D /* Release */,
			);
			defaultConfigurationIsVisible = 0;
			defaultConfigurationName = Release;
		};
		053FDDFA272F2DC5002D6D9D /* Build configuration list for PBXNativeTarget "Ironlog" */ = {
			isa = XCConfigurationList;
			buildConfigurations = (
				053FDDFB272F2DC5002D6D9D /* Debug */,
				053FDDFC272F2DC5002D6D9D /* Release */,
			);
			defaultConfigurationIsVisible = 0;
			defaultConfigurationName = Release;
		};
		053FDDFD272F2DC5002D6D9D /* Build configuration list for PBXNativeTarget "IronlogTests" */ = {
			isa = XCConfigurationList;
			buildConfigurations = (
				053FDDFE272F2DC5002D6D9D /* Debug */,
				053FDDFF272F2DC5002D6D9D /* Release */,
			);
			defaultConfigurationIsVisible = 0;
			defaultConfigurationName = Release;
		};
		053FDE00272F2DC5002D6D9D /* Build configuration list for PBXNativeTarget "IronlogUITests" */ = {
			isa = XCConfigurationList;
			buildConfigurations = (
				053FDE01272F2DC5002D6D9D /* Debug */,
				053FDE02272F2DC5002D6D9D /* Release */,
			);
			defaultConfigurationIsVisible = 0;
			defaultConfigurationName = Release;
		};
		059BACD329DEE8A1005AEE8E /* Build configuration list for PBXNativeTarget "IronlogSnapshotTests" */ = {
			isa = XCConfigurationList;
			buildConfigurations = (
				059BACD429DEE8A1005AEE8E /* Debug */,
				059BACD529DEE8A1005AEE8E /* Release */,
			);
			defaultConfigurationIsVisible = 0;
			defaultConfigurationName = Release;
		};
/* End XCConfigurationList section */

/* Begin XCVersionGroup section */
		05CABDB92826DC6500A53B98 /* Ironlog.xcdatamodeld */ = {
			isa = XCVersionGroup;
			children = (
				05CABDBA2826DC6500A53B98 /* Ironlog.xcdatamodel */,
			);
			currentVersion = 05CABDBA2826DC6500A53B98 /* Ironlog.xcdatamodel */;
			path = Ironlog.xcdatamodeld;
			sourceTree = "<group>";
			versionGroupType = wrapper.xcdatamodel;
		};
/* End XCVersionGroup section */
	};
	rootObject = 053FDDCE272F2DC5002D6D9D /* Project object */;
}
